// !$*UTF8*$!
{
	archiveVersion = 1;
	classes = {
	};
	objectVersion = 50;
	objects = {

/* Begin PBXBuildFile section */
		ECFEADA722377BFD004AF6D1 /* AppDelegate.swift in Sources */ = {isa = PBXBuildFile; fileRef = ECFEADA622377BFD004AF6D1 /* AppDelegate.swift */; };
		ECFEADA922377BFE004AF6D1 /* ViewController.swift in Sources */ = {isa = PBXBuildFile; fileRef = ECFEADA822377BFE004AF6D1 /* ViewController.swift */; };
		ECFEADAC22377BFE004AF6D1 /* Main.storyboard in Resources */ = {isa = PBXBuildFile; fileRef = ECFEADAA22377BFE004AF6D1 /* Main.storyboard */; };
		ECFEADAE22377C0E004AF6D1 /* Assets.xcassets in Resources */ = {isa = PBXBuildFile; fileRef = ECFEADAD22377C0E004AF6D1 /* Assets.xcassets */; };
		ECFEADB122377C0E004AF6D1 /* LaunchScreen.storyboard in Resources */ = {isa = PBXBuildFile; fileRef = ECFEADAF22377C0E004AF6D1 /* LaunchScreen.storyboard */; };
		ECFEADBC22377C0F004AF6D1 /* PeopleCountTests.swift in Sources */ = {isa = PBXBuildFile; fileRef = ECFEADBB22377C0F004AF6D1 /* PeopleCountTests.swift */; };
/* End PBXBuildFile section */

/* Begin PBXContainerItemProxy section */
		ECFEADB822377C0F004AF6D1 /* PBXContainerItemProxy */ = {
			isa = PBXContainerItemProxy;
			containerPortal = ECFEAD9B22377BFD004AF6D1 /* Project object */;
			proxyType = 1;
			remoteGlobalIDString = ECFEADA222377BFD004AF6D1;
			remoteInfo = PeopleCount;
		};
/* End PBXContainerItemProxy section */

/* Begin PBXFileReference section */
		ECFEADA322377BFD004AF6D1 /* PeopleCount.app */ = {isa = PBXFileReference; explicitFileType = wrapper.application; includeInIndex = 0; path = PeopleCount.app; sourceTree = BUILT_PRODUCTS_DIR; };
		ECFEADA622377BFD004AF6D1 /* AppDelegate.swift */ = {isa = PBXFileReference; lastKnownFileType = sourcecode.swift; path = AppDelegate.swift; sourceTree = "<group>"; };
		ECFEADA822377BFE004AF6D1 /* ViewController.swift */ = {isa = PBXFileReference; lastKnownFileType = sourcecode.swift; path = ViewController.swift; sourceTree = "<group>"; };
		ECFEADAB22377BFE004AF6D1 /* Base */ = {isa = PBXFileReference; lastKnownFileType = file.storyboard; name = Base; path = Base.lproj/Main.storyboard; sourceTree = "<group>"; };
		ECFEADAD22377C0E004AF6D1 /* Assets.xcassets */ = {isa = PBXFileReference; lastKnownFileType = folder.assetcatalog; path = Assets.xcassets; sourceTree = "<group>"; };
		ECFEADB022377C0E004AF6D1 /* Base */ = {isa = PBXFileReference; lastKnownFileType = file.storyboard; name = Base; path = Base.lproj/LaunchScreen.storyboard; sourceTree = "<group>"; };
		ECFEADB222377C0E004AF6D1 /* Info.plist */ = {isa = PBXFileReference; lastKnownFileType = text.plist.xml; path = Info.plist; sourceTree = "<group>"; };
		ECFEADB722377C0F004AF6D1 /* PeopleCountTests.xctest */ = {isa = PBXFileReference; explicitFileType = wrapper.cfbundle; includeInIndex = 0; path = PeopleCountTests.xctest; sourceTree = BUILT_PRODUCTS_DIR; };
		ECFEADBB22377C0F004AF6D1 /* PeopleCountTests.swift */ = {isa = PBXFileReference; lastKnownFileType = sourcecode.swift; path = PeopleCountTests.swift; sourceTree = "<group>"; };
		ECFEADBD22377C0F004AF6D1 /* Info.plist */ = {isa = PBXFileReference; lastKnownFileType = text.plist.xml; path = Info.plist; sourceTree = "<group>"; };
/* End PBXFileReference section */

/* Begin PBXFrameworksBuildPhase section */
		ECFEADA022377BFD004AF6D1 /* Frameworks */ = {
			isa = PBXFrameworksBuildPhase;
			buildActionMask = 2147483647;
			files = (
			);
			runOnlyForDeploymentPostprocessing = 0;
		};
		ECFEADB422377C0F004AF6D1 /* Frameworks */ = {
			isa = PBXFrameworksBuildPhase;
			buildActionMask = 2147483647;
			files = (
			);
			runOnlyForDeploymentPostprocessing = 0;
		};
/* End PBXFrameworksBuildPhase section */

/* Begin PBXGroup section */
		ECFEAD9A22377BFD004AF6D1 = {
			isa = PBXGroup;
			children = (
				ECFEADA522377BFD004AF6D1 /* PeopleCount */,
				ECFEADBA22377C0F004AF6D1 /* PeopleCountTests */,
				ECFEADA422377BFD004AF6D1 /* Products */,
			);
			sourceTree = "<group>";
		};
		ECFEADA422377BFD004AF6D1 /* Products */ = {
			isa = PBXGroup;
			children = (
				ECFEADA322377BFD004AF6D1 /* PeopleCount.app */,
				ECFEADB722377C0F004AF6D1 /* PeopleCountTests.xctest */,
			);
			name = Products;
			sourceTree = "<group>";
		};
		ECFEADA522377BFD004AF6D1 /* PeopleCount */ = {
			isa = PBXGroup;
			children = (
				ECFEADA622377BFD004AF6D1 /* AppDelegate.swift */,
				ECFEADA822377BFE004AF6D1 /* ViewController.swift */,
				ECFEADAA22377BFE004AF6D1 /* Main.storyboard */,
				ECFEADAD22377C0E004AF6D1 /* Assets.xcassets */,
				ECFEADAF22377C0E004AF6D1 /* LaunchScreen.storyboard */,
				ECFEADB222377C0E004AF6D1 /* Info.plist */,
			);
			path = PeopleCount;
			sourceTree = "<group>";
		};
		ECFEADBA22377C0F004AF6D1 /* PeopleCountTests */ = {
			isa = PBXGroup;
			children = (
				ECFEADBB22377C0F004AF6D1 /* PeopleCountTests.swift */,
				ECFEADBD22377C0F004AF6D1 /* Info.plist */,
			);
			path = PeopleCountTests;
			sourceTree = "<group>";
		};
/* End PBXGroup section */

/* Begin PBXNativeTarget section */
		ECFEADA222377BFD004AF6D1 /* PeopleCount */ = {
			isa = PBXNativeTarget;
			buildConfigurationList = ECFEADC022377C0F004AF6D1 /* Build configuration list for PBXNativeTarget "PeopleCount" */;
			buildPhases = (
				ECFEAD9F22377BFD004AF6D1 /* Sources */,
				ECFEADA022377BFD004AF6D1 /* Frameworks */,
				ECFEADA122377BFD004AF6D1 /* Resources */,
			);
			buildRules = (
			);
			dependencies = (
			);
			name = PeopleCount;
			productName = PeopleCount;
			productReference = ECFEADA322377BFD004AF6D1 /* PeopleCount.app */;
			productType = "com.apple.product-type.application";
		};
		ECFEADB622377C0F004AF6D1 /* PeopleCountTests */ = {
			isa = PBXNativeTarget;
			buildConfigurationList = ECFEADC322377C0F004AF6D1 /* Build configuration list for PBXNativeTarget "PeopleCountTests" */;
			buildPhases = (
				ECFEADB322377C0F004AF6D1 /* Sources */,
				ECFEADB422377C0F004AF6D1 /* Frameworks */,
				ECFEADB522377C0F004AF6D1 /* Resources */,
			);
			buildRules = (
			);
			dependencies = (
				ECFEADB922377C0F004AF6D1 /* PBXTargetDependency */,
			);
			name = PeopleCountTests;
			productName = PeopleCountTests;
			productReference = ECFEADB722377C0F004AF6D1 /* PeopleCountTests.xctest */;
			productType = "com.apple.product-type.bundle.unit-test";
		};
/* End PBXNativeTarget section */

/* Begin PBXProject section */
		ECFEAD9B22377BFD004AF6D1 /* Project object */ = {
			isa = PBXProject;
			attributes = {
				LastSwiftUpdateCheck = 1010;
				LastUpgradeCheck = 1010;
				TargetAttributes = {
					ECFEADA222377BFD004AF6D1 = {
						CreatedOnToolsVersion = 10.1;
					};
					ECFEADB622377C0F004AF6D1 = {
						CreatedOnToolsVersion = 10.1;
						TestTargetID = ECFEADA222377BFD004AF6D1;
					};
				};
			};
			buildConfigurationList = ECFEAD9E22377BFD004AF6D1 /* Build configuration list for PBXProject "PeopleCount" */;
			compatibilityVersion = "Xcode 9.3";
			developmentRegion = en;
			hasScannedForEncodings = 0;
			knownRegions = (
				en,
				Base,
			);
			mainGroup = ECFEAD9A22377BFD004AF6D1;
			productRefGroup = ECFEADA422377BFD004AF6D1 /* Products */;
			projectDirPath = "";
			projectRoot = "";
			targets = (
				ECFEADA222377BFD004AF6D1 /* PeopleCount */,
				ECFEADB622377C0F004AF6D1 /* PeopleCountTests */,
			);
		};
/* End PBXProject section */

/* Begin PBXResourcesBuildPhase section */
		ECFEADA122377BFD004AF6D1 /* Resources */ = {
			isa = PBXResourcesBuildPhase;
			buildActionMask = 2147483647;
			files = (
				ECFEADB122377C0E004AF6D1 /* LaunchScreen.storyboard in Resources */,
				ECFEADAE22377C0E004AF6D1 /* Assets.xcassets in Resources */,
				ECFEADAC22377BFE004AF6D1 /* Main.storyboard in Resources */,
			);
			runOnlyForDeploymentPostprocessing = 0;
		};
		ECFEADB522377C0F004AF6D1 /* Resources */ = {
			isa = PBXResourcesBuildPhase;
			buildActionMask = 2147483647;
			files = (
			);
			runOnlyForDeploymentPostprocessing = 0;
		};
/* End PBXResourcesBuildPhase section */

/* Begin PBXSourcesBuildPhase section */
		ECFEAD9F22377BFD004AF6D1 /* Sources */ = {
			isa = PBXSourcesBuildPhase;
			buildActionMask = 2147483647;
			files = (
				ECFEADA922377BFE004AF6D1 /* ViewController.swift in Sources */,
				ECFEADA722377BFD004AF6D1 /* AppDelegate.swift in Sources */,
			);
			runOnlyForDeploymentPostprocessing = 0;
		};
		ECFEADB322377C0F004AF6D1 /* Sources */ = {
			isa = PBXSourcesBuildPhase;
			buildActionMask = 2147483647;
			files = (
				ECFEADBC22377C0F004AF6D1 /* PeopleCountTests.swift in Sources */,
			);
			runOnlyForDeploymentPostprocessing = 0;
		};
/* End PBXSourcesBuildPhase section */

/* Begin PBXTargetDependency section */
		ECFEADB922377C0F004AF6D1 /* PBXTargetDependency */ = {
			isa = PBXTargetDependency;
			target = ECFEADA222377BFD004AF6D1 /* PeopleCount */;
			targetProxy = ECFEADB822377C0F004AF6D1 /* PBXContainerItemProxy */;
		};
/* End PBXTargetDependency section */

/* Begin PBXVariantGroup section */
		ECFEADAA22377BFE004AF6D1 /* Main.storyboard */ = {
			isa = PBXVariantGroup;
			children = (
				ECFEADAB22377BFE004AF6D1 /* Base */,
			);
			name = Main.storyboard;
			sourceTree = "<group>";
		};
		ECFEADAF22377C0E004AF6D1 /* LaunchScreen.storyboard */ = {
			isa = PBXVariantGroup;
			children = (
				ECFEADB022377C0E004AF6D1 /* Base */,
			);
			name = LaunchScreen.storyboard;
			sourceTree = "<group>";
		};
/* End PBXVariantGroup section */

/* Begin XCBuildConfiguration section */
		ECFEADBE22377C0F004AF6D1 /* Debug */ = {
			isa = XCBuildConfiguration;
			buildSettings = {
				ALWAYS_SEARCH_USER_PATHS = NO;
				CLANG_ANALYZER_NONNULL = YES;
				CLANG_ANALYZER_NUMBER_OBJECT_CONVERSION = YES_AGGRESSIVE;
				CLANG_CXX_LANGUAGE_STANDARD = "gnu++14";
				CLANG_CXX_LIBRARY = "libc++";
				CLANG_ENABLE_MODULES = YES;
				CLANG_ENABLE_OBJC_ARC = YES;
				CLANG_ENABLE_OBJC_WEAK = YES;
				CLANG_WARN_BLOCK_CAPTURE_AUTORELEASING = YES;
				CLANG_WARN_BOOL_CONVERSION = YES;
				CLANG_WARN_COMMA = YES;
				CLANG_WARN_CONSTANT_CONVERSION = YES;
				CLANG_WARN_DEPRECATED_OBJC_IMPLEMENTATIONS = YES;
				CLANG_WARN_DIRECT_OBJC_ISA_USAGE = YES_ERROR;
				CLANG_WARN_DOCUMENTATION_COMMENTS = YES;
				CLANG_WARN_EMPTY_BODY = YES;
				CLANG_WARN_ENUM_CONVERSION = YES;
				CLANG_WARN_INFINITE_RECURSION = YES;
				CLANG_WARN_INT_CONVERSION = YES;
				CLANG_WARN_NON_LITERAL_NULL_CONVERSION = YES;
				CLANG_WARN_OBJC_IMPLICIT_RETAIN_SELF = YES;
				CLANG_WARN_OBJC_LITERAL_CONVERSION = YES;
				CLANG_WARN_OBJC_ROOT_CLASS = YES_ERROR;
				CLANG_WARN_RANGE_LOOP_ANALYSIS = YES;
				CLANG_WARN_STRICT_PROTOTYPES = YES;
				CLANG_WARN_SUSPICIOUS_MOVE = YES;
				CLANG_WARN_UNGUARDED_AVAILABILITY = YES_AGGRESSIVE;
				CLANG_WARN_UNREACHABLE_CODE = YES;
				CLANG_WARN__DUPLICATE_METHOD_MATCH = YES;
				CODE_SIGN_IDENTITY = "iPhone Developer";
				COPY_PHASE_STRIP = NO;
				DEBUG_INFORMATION_FORMAT = dwarf;
				ENABLE_STRICT_OBJC_MSGSEND = YES;
				ENABLE_TESTABILITY = YES;
				GCC_C_LANGUAGE_STANDARD = gnu11;
				GCC_DYNAMIC_NO_PIC = NO;
				GCC_NO_COMMON_BLOCKS = YES;
				GCC_OPTIMIZATION_LEVEL = 0;
				GCC_PREPROCESSOR_DEFINITIONS = (
					"DEBUG=1",
					"$(inherited)",
				);
				GCC_WARN_64_TO_32_BIT_CONVERSION = YES;
				GCC_WARN_ABOUT_RETURN_TYPE = YES_ERROR;
				GCC_WARN_UNDECLARED_SELECTOR = YES;
				GCC_WARN_UNINITIALIZED_AUTOS = YES_AGGRESSIVE;
				GCC_WARN_UNUSED_FUNCTION = YES;
				GCC_WARN_UNUSED_VARIABLE = YES;
				IPHONEOS_DEPLOYMENT_TARGET = 12.1;
				MTL_ENABLE_DEBUG_INFO = INCLUDE_SOURCE;
				MTL_FAST_MATH = YES;
				ONLY_ACTIVE_ARCH = YES;
				SDKROOT = iphoneos;
				SWIFT_ACTIVE_COMPILATION_CONDITIONS = DEBUG;
				SWIFT_OPTIMIZATION_LEVEL = "-Onone";
			};
			name = Debug;
		};
		ECFEADBF22377C0F004AF6D1 /* Release */ = {
			isa = XCBuildConfiguration;
			buildSettings = {
				ALWAYS_SEARCH_USER_PATHS = NO;
				CLANG_ANALYZER_NONNULL = YES;
				CLANG_ANALYZER_NUMBER_OBJECT_CONVERSION = YES_AGGRESSIVE;
				CLANG_CXX_LANGUAGE_STANDARD = "gnu++14";
				CLANG_CXX_LIBRARY = "libc++";
				CLANG_ENABLE_MODULES = YES;
				CLANG_ENABLE_OBJC_ARC = YES;
				CLANG_ENABLE_OBJC_WEAK = YES;
				CLANG_WARN_BLOCK_CAPTURE_AUTORELEASING = YES;
				CLANG_WARN_BOOL_CONVERSION = YES;
				CLANG_WARN_COMMA = YES;
				CLANG_WARN_CONSTANT_CONVERSION = YES;
				CLANG_WARN_DEPRECATED_OBJC_IMPLEMENTATIONS = YES;
				CLANG_WARN_DIRECT_OBJC_ISA_USAGE = YES_ERROR;
				CLANG_WARN_DOCUMENTATION_COMMENTS = YES;
				CLANG_WARN_EMPTY_BODY = YES;
				CLANG_WARN_ENUM_CONVERSION = YES;
				CLANG_WARN_INFINITE_RECURSION = YES;
				CLANG_WARN_INT_CONVERSION = YES;
				CLANG_WARN_NON_LITERAL_NULL_CONVERSION = YES;
				CLANG_WARN_OBJC_IMPLICIT_RETAIN_SELF = YES;
				CLANG_WARN_OBJC_LITERAL_CONVERSION = YES;
				CLANG_WARN_OBJC_ROOT_CLASS = YES_ERROR;
				CLANG_WARN_RANGE_LOOP_ANALYSIS = YES;
				CLANG_WARN_STRICT_PROTOTYPES = YES;
				CLANG_WARN_SUSPICIOUS_MOVE = YES;
				CLANG_WARN_UNGUARDED_AVAILABILITY = YES_AGGRESSIVE;
				CLANG_WARN_UNREACHABLE_CODE = YES;
				CLANG_WARN__DUPLICATE_METHOD_MATCH = YES;
				CODE_SIGN_IDENTITY = "iPhone Developer";
				COPY_PHASE_STRIP = NO;
				DEBUG_INFORMATION_FORMAT = "dwarf-with-dsym";
				ENABLE_NS_ASSERTIONS = NO;
				ENABLE_STRICT_OBJC_MSGSEND = YES;
				GCC_C_LANGUAGE_STANDARD = gnu11;
				GCC_NO_COMMON_BLOCKS = YES;
				GCC_WARN_64_TO_32_BIT_CONVERSION = YES;
				GCC_WARN_ABOUT_RETURN_TYPE = YES_ERROR;
				GCC_WARN_UNDECLARED_SELECTOR = YES;
				GCC_WARN_UNINITIALIZED_AUTOS = YES_AGGRESSIVE;
				GCC_WARN_UNUSED_FUNCTION = YES;
				GCC_WARN_UNUSED_VARIABLE = YES;
				IPHONEOS_DEPLOYMENT_TARGET = 12.1;
				MTL_ENABLE_DEBUG_INFO = NO;
				MTL_FAST_MATH = YES;
				SDKROOT = iphoneos;
				SWIFT_COMPILATION_MODE = wholemodule;
				SWIFT_OPTIMIZATION_LEVEL = "-O";
				VALIDATE_PRODUCT = YES;
			};
			name = Release;
		};
		ECFEADC122377C0F004AF6D1 /* Debug */ = {
			isa = XCBuildConfiguration;
			buildSettings = {
				ASSETCATALOG_COMPILER_APPICON_NAME = AppIcon;
				CODE_SIGN_STYLE = Automatic;
				DEVELOPMENT_TEAM = 27GZCFD2W8;
				INFOPLIST_FILE = PeopleCount/Info.plist;
				LD_RUNPATH_SEARCH_PATHS = (
					"$(inherited)",
					"@executable_path/Frameworks",
				);
				PRODUCT_BUNDLE_IDENTIFIER = com.taikang.aa;
				PRODUCT_NAME = "$(TARGET_NAME)";
				SWIFT_VERSION = 4.2;
				TARGETED_DEVICE_FAMILY = "1,2";
			};
			name = Debug;
		};
		ECFEADC222377C0F004AF6D1 /* Release */ = {
			isa = XCBuildConfiguration;
			buildSettings = {
				ASSETCATALOG_COMPILER_APPICON_NAME = AppIcon;
				CODE_SIGN_STYLE = Automatic;
				DEVELOPMENT_TEAM = 27GZCFD2W8;
				INFOPLIST_FILE = PeopleCount/Info.plist;
				LD_RUNPATH_SEARCH_PATHS = (
					"$(inherited)",
					"@executable_path/Frameworks",
				);
				PRODUCT_BUNDLE_IDENTIFIER = com.taikang.aa;
				PRODUCT_NAME = "$(TARGET_NAME)";
				SWIFT_VERSION = 4.2;
				TARGETED_DEVICE_FAMILY = "1,2";
			};
			name = Release;
		};
		ECFEADC422377C0F004AF6D1 /* Debug */ = {
			isa = XCBuildConfiguration;
			buildSettings = {
				ALWAYS_EMBED_SWIFT_STANDARD_LIBRARIES = YES;
				BUNDLE_LOADER = "$(TEST_HOST)";
				CODE_SIGN_STYLE = Automatic;
				DEVELOPMENT_TEAM = MJ7ZVEBB38;
				INFOPLIST_FILE = PeopleCountTests/Info.plist;
				LD_RUNPATH_SEARCH_PATHS = (
					"$(inherited)",
					"@executable_path/Frameworks",
					"@loader_path/Frameworks",
				);
				PRODUCT_BUNDLE_IDENTIFIER = com.osxkernel.PeopleCountTests;
				PRODUCT_NAME = "$(TARGET_NAME)";
				SWIFT_VERSION = 4.2;
				TARGETED_DEVICE_FAMILY = "1,2";
				TEST_HOST = "$(BUILT_PRODUCTS_DIR)/PeopleCount.app/PeopleCount";
			};
			name = Debug;
		};
		ECFEADC522377C0F004AF6D1 /* Release */ = {
			isa = XCBuildConfiguration;
			buildSettings = {
				ALWAYS_EMBED_SWIFT_STANDARD_LIBRARIES = YES;
				BUNDLE_LOADER = "$(TEST_HOST)";
				CODE_SIGN_STYLE = Automatic;
				DEVELOPMENT_TEAM = MJ7ZVEBB38;
				INFOPLIST_FILE = PeopleCountTests/Info.plist;
				LD_RUNPATH_SEARCH_PATHS = (
					"$(inherited)",
					"@executable_path/Frameworks",
					"@loader_path/Frameworks",
				);
				PRODUCT_BUNDLE_IDENTIFIER = com.osxkernel.PeopleCountTests;
				PRODUCT_NAME = "$(TARGET_NAME)";
				SWIFT_VERSION = 4.2;
				TARGETED_DEVICE_FAMILY = "1,2";
				TEST_HOST = "$(BUILT_PRODUCTS_DIR)/PeopleCount.app/PeopleCount";
			};
			name = Release;
		};
/* End XCBuildConfiguration section */

/* Begin XCConfigurationList section */
		ECFEAD9E22377BFD004AF6D1 /* Build configuration list for PBXProject "PeopleCount" */ = {
			isa = XCConfigurationList;
			buildConfigurations = (
				ECFEADBE22377C0F004AF6D1 /* Debug */,
				ECFEADBF22377C0F004AF6D1 /* Release */,
			);
			defaultConfigurationIsVisible = 0;
			defaultConfigurationName = Release;
		};
		ECFEADC022377C0F004AF6D1 /* Build configuration list for PBXNativeTarget "PeopleCount" */ = {
			isa = XCConfigurationList;
			buildConfigurations = (
				ECFEADC122377C0F004AF6D1 /* Debug */,
				ECFEADC222377C0F004AF6D1 /* Release */,
			);
			defaultConfigurationIsVisible = 0;
			defaultConfigurationName = Release;
		};
		ECFEADC322377C0F004AF6D1 /* Build configuration list for PBXNativeTarget "PeopleCountTests" */ = {
			isa = XCConfigurationList;
			buildConfigurations = (
				ECFEADC422377C0F004AF6D1 /* Debug */,
				ECFEADC522377C0F004AF6D1 /* Release */,
			);
			defaultConfigurationIsVisible = 0;
			defaultConfigurationName = Release;
		};
/* End XCConfigurationList section */
	};
	rootObject = ECFEAD9B22377BFD004AF6D1 /* Project object */;
}
